// !$*UTF8*$!
{
	archiveVersion = 1;
	classes = {
	};
	objectVersion = 46;
	objects = {

/* Begin PBXBuildFile section */
		644204371F07BE590063A15F /* AppDelegate.swift in Sources */ = {isa = PBXBuildFile; fileRef = 644204361F07BE590063A15F /* AppDelegate.swift */; };
		644204391F07BE590063A15F /* ViewController.swift in Sources */ = {isa = PBXBuildFile; fileRef = 644204381F07BE590063A15F /* ViewController.swift */; };
		6442043C1F07BE590063A15F /* Main.storyboard in Resources */ = {isa = PBXBuildFile; fileRef = 6442043A1F07BE590063A15F /* Main.storyboard */; };
		6442043E1F07BE590063A15F /* Assets.xcassets in Resources */ = {isa = PBXBuildFile; fileRef = 6442043D1F07BE590063A15F /* Assets.xcassets */; };
		644204411F07BE590063A15F /* LaunchScreen.storyboard in Resources */ = {isa = PBXBuildFile; fileRef = 6442043F1F07BE590063A15F /* LaunchScreen.storyboard */; };
		6442044C1F07BE590063A15F /* swiftTestTests.swift in Sources */ = {isa = PBXBuildFile; fileRef = 6442044B1F07BE590063A15F /* swiftTestTests.swift */; };
		644204571F07BE590063A15F /* swiftTestUITests.swift in Sources */ = {isa = PBXBuildFile; fileRef = 644204561F07BE590063A15F /* swiftTestUITests.swift */; };
/* End PBXBuildFile section */

/* Begin PBXContainerItemProxy section */
		644204481F07BE590063A15F /* PBXContainerItemProxy */ = {
			isa = PBXContainerItemProxy;
			containerPortal = 6442042B1F07BE590063A15F /* Project object */;
			proxyType = 1;
			remoteGlobalIDString = 644204321F07BE590063A15F;
			remoteInfo = swiftTest;
		};
		644204531F07BE590063A15F /* PBXContainerItemProxy */ = {
			isa = PBXContainerItemProxy;
			containerPortal = 6442042B1F07BE590063A15F /* Project object */;
			proxyType = 1;
			remoteGlobalIDString = 644204321F07BE590063A15F;
			remoteInfo = swiftTest;
		};
/* End PBXContainerItemProxy section */

/* Begin PBXFileReference section */
		644204331F07BE590063A15F /* swiftTest.app */ = {isa = PBXFileReference; explicitFileType = wrapper.application; includeInIndex = 0; path = swiftTest.app; sourceTree = BUILT_PRODUCTS_DIR; };
		644204361F07BE590063A15F /* AppDelegate.swift */ = {isa = PBXFileReference; lastKnownFileType = sourcecode.swift; path = AppDelegate.swift; sourceTree = "<group>"; };
		644204381F07BE590063A15F /* ViewController.swift */ = {isa = PBXFileReference; lastKnownFileType = sourcecode.swift; path = ViewController.swift; sourceTree = "<group>"; };
		6442043B1F07BE590063A15F /* Base */ = {isa = PBXFileReference; lastKnownFileType = file.storyboard; name = Base; path = Base.lproj/Main.storyboard; sourceTree = "<group>"; };
		6442043D1F07BE590063A15F /* Assets.xcassets */ = {isa = PBXFileReference; lastKnownFileType = folder.assetcatalog; path = Assets.xcassets; sourceTree = "<group>"; };
		644204401F07BE590063A15F /* Base */ = {isa = PBXFileReference; lastKnownFileType = file.storyboard; name = Base; path = Base.lproj/LaunchScreen.storyboard; sourceTree = "<group>"; };
		644204421F07BE590063A15F /* Info.plist */ = {isa = PBXFileReference; lastKnownFileType = text.plist.xml; path = Info.plist; sourceTree = "<group>"; };
		644204471F07BE590063A15F /* swiftTestTests.xctest */ = {isa = PBXFileReference; explicitFileType = wrapper.cfbundle; includeInIndex = 0; path = swiftTestTests.xctest; sourceTree = BUILT_PRODUCTS_DIR; };
		6442044B1F07BE590063A15F /* swiftTestTests.swift */ = {isa = PBXFileReference; lastKnownFileType = sourcecode.swift; path = swiftTestTests.swift; sourceTree = "<group>"; };
		6442044D1F07BE590063A15F /* Info.plist */ = {isa = PBXFileReference; lastKnownFileType = text.plist.xml; path = Info.plist; sourceTree = "<group>"; };
		644204521F07BE590063A15F /* swiftTestUITests.xctest */ = {isa = PBXFileReference; explicitFileType = wrapper.cfbundle; includeInIndex = 0; path = swiftTestUITests.xctest; sourceTree = BUILT_PRODUCTS_DIR; };
		644204561F07BE590063A15F /* swiftTestUITests.swift */ = {isa = PBXFileReference; lastKnownFileType = sourcecode.swift; path = swiftTestUITests.swift; sourceTree = "<group>"; };
		644204581F07BE590063A15F /* Info.plist */ = {isa = PBXFileReference; lastKnownFileType = text.plist.xml; path = Info.plist; sourceTree = "<group>"; };
/* End PBXFileReference section */

/* Begin PBXFrameworksBuildPhase section */
		644204301F07BE590063A15F /* Frameworks */ = {
			isa = PBXFrameworksBuildPhase;
			buildActionMask = 2147483647;
			files = (
			);
			runOnlyForDeploymentPostprocessing = 0;
		};
		644204441F07BE590063A15F /* Frameworks */ = {
			isa = PBXFrameworksBuildPhase;
			buildActionMask = 2147483647;
			files = (
			);
			runOnlyForDeploymentPostprocessing = 0;
		};
		6442044F1F07BE590063A15F /* Frameworks */ = {
			isa = PBXFrameworksBuildPhase;
			buildActionMask = 2147483647;
			files = (
			);
			runOnlyForDeploymentPostprocessing = 0;
		};
/* End PBXFrameworksBuildPhase section */

/* Begin PBXGroup section */
		6442042A1F07BE590063A15F = {
			isa = PBXGroup;
			children = (
				644204351F07BE590063A15F /* swiftTest */,
				6442044A1F07BE590063A15F /* swiftTestTests */,
				644204551F07BE590063A15F /* swiftTestUITests */,
				644204341F07BE590063A15F /* Products */,
			);
			sourceTree = "<group>";
		};
		644204341F07BE590063A15F /* Products */ = {
			isa = PBXGroup;
			children = (
				644204331F07BE590063A15F /* swiftTest.app */,
				644204471F07BE590063A15F /* swiftTestTests.xctest */,
				644204521F07BE590063A15F /* swiftTestUITests.xctest */,
			);
			name = Products;
			sourceTree = "<group>";
		};
		644204351F07BE590063A15F /* swiftTest */ = {
			isa = PBXGroup;
			children = (
				644204361F07BE590063A15F /* AppDelegate.swift */,
				644204381F07BE590063A15F /* ViewController.swift */,
				6442043A1F07BE590063A15F /* Main.storyboard */,
				6442043D1F07BE590063A15F /* Assets.xcassets */,
				6442043F1F07BE590063A15F /* LaunchScreen.storyboard */,
				644204421F07BE590063A15F /* Info.plist */,
			);
			path = swiftTest;
			sourceTree = "<group>";
		};
		6442044A1F07BE590063A15F /* swiftTestTests */ = {
			isa = PBXGroup;
			children = (
				6442044B1F07BE590063A15F /* swiftTestTests.swift */,
				6442044D1F07BE590063A15F /* Info.plist */,
			);
			path = swiftTestTests;
			sourceTree = "<group>";
		};
		644204551F07BE590063A15F /* swiftTestUITests */ = {
			isa = PBXGroup;
			children = (
				644204561F07BE590063A15F /* swiftTestUITests.swift */,
				644204581F07BE590063A15F /* Info.plist */,
			);
			path = swiftTestUITests;
			sourceTree = "<group>";
		};
/* End PBXGroup section */

/* Begin PBXNativeTarget section */
		644204321F07BE590063A15F /* swiftTest */ = {
			isa = PBXNativeTarget;
			buildConfigurationList = 6442045B1F07BE590063A15F /* Build configuration list for PBXNativeTarget "swiftTest" */;
			buildPhases = (
				6442042F1F07BE590063A15F /* Sources */,
				644204301F07BE590063A15F /* Frameworks */,
				644204311F07BE590063A15F /* Resources */,
			);
			buildRules = (
			);
			dependencies = (
			);
			name = swiftTest;
			productName = swiftTest;
			productReference = 644204331F07BE590063A15F /* swiftTest.app */;
			productType = "com.apple.product-type.application";
		};
		644204461F07BE590063A15F /* swiftTestTests */ = {
			isa = PBXNativeTarget;
			buildConfigurationList = 6442045E1F07BE590063A15F /* Build configuration list for PBXNativeTarget "swiftTestTests" */;
			buildPhases = (
				644204431F07BE590063A15F /* Sources */,
				644204441F07BE590063A15F /* Frameworks */,
				644204451F07BE590063A15F /* Resources */,
			);
			buildRules = (
			);
			dependencies = (
				644204491F07BE590063A15F /* PBXTargetDependency */,
			);
			name = swiftTestTests;
			productName = swiftTestTests;
			productReference = 644204471F07BE590063A15F /* swiftTestTests.xctest */;
			productType = "com.apple.product-type.bundle.unit-test";
		};
		644204511F07BE590063A15F /* swiftTestUITests */ = {
			isa = PBXNativeTarget;
			buildConfigurationList = 644204611F07BE590063A15F /* Build configuration list for PBXNativeTarget "swiftTestUITests" */;
			buildPhases = (
				6442044E1F07BE590063A15F /* Sources */,
				6442044F1F07BE590063A15F /* Frameworks */,
				644204501F07BE590063A15F /* Resources */,
			);
			buildRules = (
			);
			dependencies = (
				644204541F07BE590063A15F /* PBXTargetDependency */,
			);
			name = swiftTestUITests;
			productName = swiftTestUITests;
			productReference = 644204521F07BE590063A15F /* swiftTestUITests.xctest */;
			productType = "com.apple.product-type.bundle.ui-testing";
		};
/* End PBXNativeTarget section */

/* Begin PBXProject section */
		6442042B1F07BE590063A15F /* Project object */ = {
			isa = PBXProject;
			attributes = {
				LastSwiftUpdateCheck = 0830;
				LastUpgradeCheck = 0830;
				ORGANIZATIONNAME = YXG;
				TargetAttributes = {
					644204321F07BE590063A15F = {
						CreatedOnToolsVersion = 8.3.3;
						DevelopmentTeam = ZD8NCKVX95;
						ProvisioningStyle = Automatic;
					};
					644204461F07BE590063A15F = {
						CreatedOnToolsVersion = 8.3.3;
						DevelopmentTeam = ZD8NCKVX95;
						ProvisioningStyle = Automatic;
						TestTargetID = 644204321F07BE590063A15F;
					};
					644204511F07BE590063A15F = {
						CreatedOnToolsVersion = 8.3.3;
						DevelopmentTeam = ZD8NCKVX95;
						ProvisioningStyle = Automatic;
						TestTargetID = 644204321F07BE590063A15F;
					};
				};
			};
			buildConfigurationList = 6442042E1F07BE590063A15F /* Build configuration list for PBXProject "swiftTest" */;
			compatibilityVersion = "Xcode 3.2";
			developmentRegion = English;
			hasScannedForEncodings = 0;
			knownRegions = (
				en,
				Base,
			);
			mainGroup = 6442042A1F07BE590063A15F;
			productRefGroup = 644204341F07BE590063A15F /* Products */;
			projectDirPath = "";
			projectRoot = "";
			targets = (
				644204321F07BE590063A15F /* swiftTest */,
				644204461F07BE590063A15F /* swiftTestTests */,
				644204511F07BE590063A15F /* swiftTestUITests */,
			);
		};
/* End PBXProject section */

/* Begin PBXResourcesBuildPhase section */
		644204311F07BE590063A15F /* Resources */ = {
			isa = PBXResourcesBuildPhase;
			buildActionMask = 2147483647;
			files = (
				644204411F07BE590063A15F /* LaunchScreen.storyboard in Resources */,
				6442043E1F07BE590063A15F /* Assets.xcassets in Resources */,
				6442043C1F07BE590063A15F /* Main.storyboard in Resources */,
			);
			runOnlyForDeploymentPostprocessing = 0;
		};
		644204451F07BE590063A15F /* Resources */ = {
			isa = PBXResourcesBuildPhase;
			buildActionMask = 2147483647;
			files = (
			);
			runOnlyForDeploymentPostprocessing = 0;
		};
		644204501F07BE590063A15F /* Resources */ = {
			isa = PBXResourcesBuildPhase;
			buildActionMask = 2147483647;
			files = (
			);
			runOnlyForDeploymentPostprocessing = 0;
		};
/* End PBXResourcesBuildPhase section */

/* Begin PBXSourcesBuildPhase section */
		6442042F1F07BE590063A15F /* Sources */ = {
			isa = PBXSourcesBuildPhase;
			buildActionMask = 2147483647;
			files = (
				644204391F07BE590063A15F /* ViewController.swift in Sources */,
				644204371F07BE590063A15F /* AppDelegate.swift in Sources */,
			);
			runOnlyForDeploymentPostprocessing = 0;
		};
		644204431F07BE590063A15F /* Sources */ = {
			isa = PBXSourcesBuildPhase;
			buildActionMask = 2147483647;
			files = (
				6442044C1F07BE590063A15F /* swiftTestTests.swift in Sources */,
			);
			runOnlyForDeploymentPostprocessing = 0;
		};
		6442044E1F07BE590063A15F /* Sources */ = {
			isa = PBXSourcesBuildPhase;
			buildActionMask = 2147483647;
			files = (
				644204571F07BE590063A15F /* swiftTestUITests.swift in Sources */,
			);
			runOnlyForDeploymentPostprocessing = 0;
		};
/* End PBXSourcesBuildPhase section */

/* Begin PBXTargetDependency section */
		644204491F07BE590063A15F /* PBXTargetDependency */ = {
			isa = PBXTargetDependency;
			target = 644204321F07BE590063A15F /* swiftTest */;
			targetProxy = 644204481F07BE590063A15F /* PBXContainerItemProxy */;
		};
		644204541F07BE590063A15F /* PBXTargetDependency */ = {
			isa = PBXTargetDependency;
			target = 644204321F07BE590063A15F /* swiftTest */;
			targetProxy = 644204531F07BE590063A15F /* PBXContainerItemProxy */;
		};
/* End PBXTargetDependency section */

/* Begin PBXVariantGroup section */
		6442043A1F07BE590063A15F /* Main.storyboard */ = {
			isa = PBXVariantGroup;
			children = (
				6442043B1F07BE590063A15F /* Base */,
			);
			name = Main.storyboard;
			sourceTree = "<group>";
		};
		6442043F1F07BE590063A15F /* LaunchScreen.storyboard */ = {
			isa = PBXVariantGroup;
			children = (
				644204401F07BE590063A15F /* Base */,
			);
			name = LaunchScreen.storyboard;
			sourceTree = "<group>";
		};
/* End PBXVariantGroup section */

/* Begin XCBuildConfiguration section */
		644204591F07BE590063A15F /* Debug */ = {
			isa = XCBuildConfiguration;
			buildSettings = {
				ALWAYS_SEARCH_USER_PATHS = NO;
				CLANG_ANALYZER_NONNULL = YES;
				CLANG_ANALYZER_NUMBER_OBJECT_CONVERSION = YES_AGGRESSIVE;
				CLANG_CXX_LANGUAGE_STANDARD = "gnu++0x";
				CLANG_CXX_LIBRARY = "libc++";
				CLANG_ENABLE_MODULES = YES;
				CLANG_ENABLE_OBJC_ARC = YES;
				CLANG_WARN_BOOL_CONVERSION = YES;
				CLANG_WARN_CONSTANT_CONVERSION = YES;
				CLANG_WARN_DIRECT_OBJC_ISA_USAGE = YES_ERROR;
				CLANG_WARN_DOCUMENTATION_COMMENTS = YES;
				CLANG_WARN_EMPTY_BODY = YES;
				CLANG_WARN_ENUM_CONVERSION = YES;
				CLANG_WARN_INFINITE_RECURSION = YES;
				CLANG_WARN_INT_CONVERSION = YES;
				CLANG_WARN_OBJC_ROOT_CLASS = YES_ERROR;
				CLANG_WARN_SUSPICIOUS_MOVE = YES;
				CLANG_WARN_UNREACHABLE_CODE = YES;
				CLANG_WARN__DUPLICATE_METHOD_MATCH = YES;
				"CODE_SIGN_IDENTITY[sdk=iphoneos*]" = "iPhone Developer";
				COPY_PHASE_STRIP = NO;
				DEBUG_INFORMATION_FORMAT = dwarf;
				ENABLE_STRICT_OBJC_MSGSEND = YES;
				ENABLE_TESTABILITY = YES;
				GCC_C_LANGUAGE_STANDARD = gnu99;
				GCC_DYNAMIC_NO_PIC = NO;
				GCC_NO_COMMON_BLOCKS = YES;
				GCC_OPTIMIZATION_LEVEL = 0;
				GCC_PREPROCESSOR_DEFINITIONS = (
					"DEBUG=1",
					"$(inherited)",
				);
				GCC_WARN_64_TO_32_BIT_CONVERSION = YES;
				GCC_WARN_ABOUT_RETURN_TYPE = YES_ERROR;
				GCC_WARN_UNDECLARED_SELECTOR = YES;
				GCC_WARN_UNINITIALIZED_AUTOS = YES_AGGRESSIVE;
				GCC_WARN_UNUSED_FUNCTION = YES;
				GCC_WARN_UNUSED_VARIABLE = YES;
				IPHONEOS_DEPLOYMENT_TARGET = 10.3;
				MTL_ENABLE_DEBUG_INFO = YES;
				ONLY_ACTIVE_ARCH = YES;
				SDKROOT = iphoneos;
				SWIFT_ACTIVE_COMPILATION_CONDITIONS = DEBUG;
				SWIFT_OPTIMIZATION_LEVEL = "-Onone";
				TARGETED_DEVICE_FAMILY = "1,2";
			};
			name = Debug;
		};
		6442045A1F07BE590063A15F /* Release */ = {
			isa = XCBuildConfiguration;
			buildSettings = {
				ALWAYS_SEARCH_USER_PATHS = NO;
				CLANG_ANALYZER_NONNULL = YES;
				CLANG_ANALYZER_NUMBER_OBJECT_CONVERSION = YES_AGGRESSIVE;
				CLANG_CXX_LANGUAGE_STANDARD = "gnu++0x";
				CLANG_CXX_LIBRARY = "libc++";
				CLANG_ENABLE_MODULES = YES;
				CLANG_ENABLE_OBJC_ARC = YES;
				CLANG_WARN_BOOL_CONVERSION = YES;
				CLANG_WARN_CONSTANT_CONVERSION = YES;
				CLANG_WARN_DIRECT_OBJC_ISA_USAGE = YES_ERROR;
				CLANG_WARN_DOCUMENTATION_COMMENTS = YES;
				CLANG_WARN_EMPTY_BODY = YES;
				CLANG_WARN_ENUM_CONVERSION = YES;
				CLANG_WARN_INFINITE_RECURSION = YES;
				CLANG_WARN_INT_CONVERSION = YES;
				CLANG_WARN_OBJC_ROOT_CLASS = YES_ERROR;
				CLANG_WARN_SUSPICIOUS_MOVE = YES;
				CLANG_WARN_UNREACHABLE_CODE = YES;
				CLANG_WARN__DUPLICATE_METHOD_MATCH = YES;
				"CODE_SIGN_IDENTITY[sdk=iphoneos*]" = "iPhone Developer";
				COPY_PHASE_STRIP = NO;
				DEBUG_INFORMATION_FORMAT = "dwarf-with-dsym";
				ENABLE_NS_ASSERTIONS = NO;
				ENABLE_STRICT_OBJC_MSGSEND = YES;
				GCC_C_LANGUAGE_STANDARD = gnu99;
				GCC_NO_COMMON_BLOCKS = YES;
				GCC_WARN_64_TO_32_BIT_CONVERSION = YES;
				GCC_WARN_ABOUT_RETURN_TYPE = YES_ERROR;
				GCC_WARN_UNDECLARED_SELECTOR = YES;
				GCC_WARN_UNINITIALIZED_AUTOS = YES_AGGRESSIVE;
				GCC_WARN_UNUSED_FUNCTION = YES;
				GCC_WARN_UNUSED_VARIABLE = YES;
				IPHONEOS_DEPLOYMENT_TARGET = 10.3;
				MTL_ENABLE_DEBUG_INFO = NO;
				SDKROOT = iphoneos;
				SWIFT_OPTIMIZATION_LEVEL = "-Owholemodule";
				TARGETED_DEVICE_FAMILY = "1,2";
				VALIDATE_PRODUCT = YES;
			};
			name = Release;
		};
		6442045C1F07BE590063A15F /* Debug */ = {
			isa = XCBuildConfiguration;
			buildSettings = {
				ASSETCATALOG_COMPILER_APPICON_NAME = AppIcon;
				DEVELOPMENT_TEAM = ZD8NCKVX95;
				INFOPLIST_FILE = swiftTest/Info.plist;
				LD_RUNPATH_SEARCH_PATHS = "$(inherited) @executable_path/Frameworks";
				PRODUCT_BUNDLE_IDENTIFIER = sunny.swiftTest;
				PRODUCT_NAME = "$(TARGET_NAME)";
				SWIFT_VERSION = 3.0;
			};
			name = Debug;
		};
		6442045D1F07BE590063A15F /* Release */ = {
			isa = XCBuildConfiguration;
			buildSettings = {
				ASSETCATALOG_COMPILER_APPICON_NAME = AppIcon;
				DEVELOPMENT_TEAM = ZD8NCKVX95;
				INFOPLIST_FILE = swiftTest/Info.plist;
				LD_RUNPATH_SEARCH_PATHS = "$(inherited) @executable_path/Frameworks";
				PRODUCT_BUNDLE_IDENTIFIER = sunny.swiftTest;
				PRODUCT_NAME = "$(TARGET_NAME)";
				SWIFT_VERSION = 3.0;
			};
			name = Release;
		};
		6442045F1F07BE590063A15F /* Debug */ = {
			isa = XCBuildConfiguration;
			buildSettings = {
				ALWAYS_EMBED_SWIFT_STANDARD_LIBRARIES = YES;
				BUNDLE_LOADER = "$(TEST_HOST)";
				DEVELOPMENT_TEAM = ZD8NCKVX95;
				INFOPLIST_FILE = swiftTestTests/Info.plist;
				LD_RUNPATH_SEARCH_PATHS = "$(inherited) @executable_path/Frameworks @loader_path/Frameworks";
				PRODUCT_BUNDLE_IDENTIFIER = sunny.swiftTestTests;
				PRODUCT_NAME = "$(TARGET_NAME)";
				SWIFT_VERSION = 3.0;
				TEST_HOST = "$(BUILT_PRODUCTS_DIR)/swiftTest.app/swiftTest";
			};
			name = Debug;
		};
		644204601F07BE590063A15F /* Release */ = {
			isa = XCBuildConfiguration;
			buildSettings = {
				ALWAYS_EMBED_SWIFT_STANDARD_LIBRARIES = YES;
				BUNDLE_LOADER = "$(TEST_HOST)";
				DEVELOPMENT_TEAM = ZD8NCKVX95;
				INFOPLIST_FILE = swiftTestTests/Info.plist;
				LD_RUNPATH_SEARCH_PATHS = "$(inherited) @executable_path/Frameworks @loader_path/Frameworks";
				PRODUCT_BUNDLE_IDENTIFIER = sunny.swiftTestTests;
				PRODUCT_NAME = "$(TARGET_NAME)";
				SWIFT_VERSION = 3.0;
				TEST_HOST = "$(BUILT_PRODUCTS_DIR)/swiftTest.app/swiftTest";
			};
			name = Release;
		};
		644204621F07BE590063A15F /* Debug */ = {
			isa = XCBuildConfiguration;
			buildSettings = {
				ALWAYS_EMBED_SWIFT_STANDARD_LIBRARIES = YES;
				DEVELOPMENT_TEAM = ZD8NCKVX95;
				INFOPLIST_FILE = swiftTestUITests/Info.plist;
				LD_RUNPATH_SEARCH_PATHS = "$(inherited) @executable_path/Frameworks @loader_path/Frameworks";
				PRODUCT_BUNDLE_IDENTIFIER = sunny.swiftTestUITests;
				PRODUCT_NAME = "$(TARGET_NAME)";
				SWIFT_VERSION = 3.0;
				TEST_TARGET_NAME = swiftTest;
			};
			name = Debug;
		};
		644204631F07BE590063A15F /* Release */ = {
			isa = XCBuildConfiguration;
			buildSettings = {
				ALWAYS_EMBED_SWIFT_STANDARD_LIBRARIES = YES;
				DEVELOPMENT_TEAM = ZD8NCKVX95;
				INFOPLIST_FILE = swiftTestUITests/Info.plist;
				LD_RUNPATH_SEARCH_PATHS = "$(inherited) @executable_path/Frameworks @loader_path/Frameworks";
				PRODUCT_BUNDLE_IDENTIFIER = sunny.swiftTestUITests;
				PRODUCT_NAME = "$(TARGET_NAME)";
				SWIFT_VERSION = 3.0;
				TEST_TARGET_NAME = swiftTest;
			};
			name = Release;
		};
/* End XCBuildConfiguration section */

/* Begin XCConfigurationList section */
		6442042E1F07BE590063A15F /* Build configuration list for PBXProject "swiftTest" */ = {
			isa = XCConfigurationList;
			buildConfigurations = (
				644204591F07BE590063A15F /* Debug */,
				6442045A1F07BE590063A15F /* Release */,
			);
			defaultConfigurationIsVisible = 0;
			defaultConfigurationName = Release;
		};
		6442045B1F07BE590063A15F /* Build configuration list for PBXNativeTarget "swiftTest" */ = {
			isa = XCConfigurationList;
			buildConfigurations = (
				6442045C1F07BE590063A15F /* Debug */,
				6442045D1F07BE590063A15F /* Release */,
			);
			defaultConfigurationIsVisible = 0;
		};
		6442045E1F07BE590063A15F /* Build configuration list for PBXNativeTarget "swiftTestTests" */ = {
			isa = XCConfigurationList;
			buildConfigurations = (
				6442045F1F07BE590063A15F /* Debug */,
				644204601F07BE590063A15F /* Release */,
			);
			defaultConfigurationIsVisible = 0;
		};
		644204611F07BE590063A15F /* Build configuration list for PBXNativeTarget "swiftTestUITests" */ = {
			isa = XCConfigurationList;
			buildConfigurations = (
				644204621F07BE590063A15F /* Debug */,
				644204631F07BE590063A15F /* Release */,
			);
			defaultConfigurationIsVisible = 0;
		};
/* End XCConfigurationList section */
	};
	rootObject = 6442042B1F07BE590063A15F /* Project object */;
}
